
Microsoft Visual Studio Solution File, Format Version 12.00
# Visual Studio 14
VisualStudioVersion = 14.0.23107.0
MinimumVisualStudioVersion = 10.0.40219.1
Project("{FAE04EC0-301F-11D3-BF4B-00C04F79EFBC}") = "kmbit", "kmbit\kmbit.csproj", "{12779F60-7B88-4332-8057-7B0A50CA56EE}"
EndProject
Project("{FAE04EC0-301F-11D3-BF4B-00C04F79EFBC}") = "kmbit.Tests", "kmbit.Tests\kmbit.Tests.csproj", "{EFFD228A-1E18-4BBB-8A8F-B8489D9A3681}"
EndProject
Project("{FAE04EC0-301F-11D3-BF4B-00C04F79EFBC}") = "dba", "dba\dba.csproj", "{9B098A0C-B153-4108-9265-708F2AC7725E}"
EndProject
Project("{FAE04EC0-301F-11D3-BF4B-00C04F79EFBC}") = "bl", "bl\bl.csproj", "{7EC203DA-ED77-416D-8967-59F1CC124534}"
EndProject
Project("{FAE04EC0-301F-11D3-BF4B-00C04F79EFBC}") = "queuesvr", "queuesvr\queuesvr.csproj", "{0BA3EE75-7D9C-46BB-8083-8B7B0EA3599B}"
EndProject
Global
	GlobalSection(SolutionConfigurationPlatforms) = preSolution
		Debug|Any CPU = Debug|Any CPU
		Release|Any CPU = Release|Any CPU
	EndGlobalSection
	GlobalSection(ProjectConfigurationPlatforms) = postSolution
		{12779F60-7B88-4332-8057-7B0A50CA56EE}.Debug|Any CPU.ActiveCfg = Debug|Any CPU
		{12779F60-7B88-4332-8057-7B0A50CA56EE}.Debug|Any CPU.Build.0 = Debug|Any CPU
		{12779F60-7B88-4332-8057-7B0A50CA56EE}.Release|Any CPU.ActiveCfg = Release|Any CPU
		{12779F60-7B88-4332-8057-7B0A50CA56EE}.Release|Any CPU.Build.0 = Release|Any CPU
		{EFFD228A-1E18-4BBB-8A8F-B8489D9A3681}.Debug|Any CPU.ActiveCfg = Debug|Any CPU
		{EFFD228A-1E18-4BBB-8A8F-B8489D9A3681}.Debug|Any CPU.Build.0 = Debug|Any CPU
		{EFFD228A-1E18-4BBB-8A8F-B8489D9A3681}.Release|Any CPU.ActiveCfg = Release|Any CPU
		{EFFD228A-1E18-4BBB-8A8F-B8489D9A3681}.Release|Any CPU.Build.0 = Release|Any CPU
		{9B098A0C-B153-4108-9265-708F2AC7725E}.Debug|Any CPU.ActiveCfg = Debug|Any CPU
		{9B098A0C-B153-4108-9265-708F2AC7725E}.Debug|Any CPU.Build.0 = Debug|Any CPU
		{9B098A0C-B153-4108-9265-708F2AC7725E}.Release|Any CPU.ActiveCfg = Release|Any CPU
		{9B098A0C-B153-4108-9265-708F2AC7725E}.Release|Any CPU.Build.0 = Release|Any CPU
		{7EC203DA-ED77-416D-8967-59F1CC124534}.Debug|Any CPU.ActiveCfg = Debug|Any CPU
		{7EC203DA-ED77-416D-8967-59F1CC124534}.Debug|Any CPU.Build.0 = Debug|Any CPU
		{7EC203DA-ED77-416D-8967-59F1CC124534}.Release|Any CPU.ActiveCfg = Release|Any CPU
		{7EC203DA-ED77-416D-8967-59F1CC124534}.Release|Any CPU.Build.0 = Release|Any CPU
		{0BA3EE75-7D9C-46BB-8083-8B7B0EA3599B}.Debug|Any CPU.ActiveCfg = Debug|Any CPU
		{0BA3EE75-7D9C-46BB-8083-8B7B0EA3599B}.Debug|Any CPU.Build.0 = Debug|Any CPU
		{0BA3EE75-7D9C-46BB-8083-8B7B0EA3599B}.Release|Any CPU.ActiveCfg = Release|Any CPU
		{0BA3EE75-7D9C-46BB-8083-8B7B0EA3599B}.Release|Any CPU.Build.0 = Release|Any CPU
	EndGlobalSection
	GlobalSection(SolutionProperties) = preSolution
		HideSolutionNode = FALSE
	EndGlobalSection
EndGlobal
