
Microsoft Visual Studio Solution File, Format Version 12.00
# Visual Studio 14
VisualStudioVersion = 14.0.23107.0
MinimumVisualStudioVersion = 10.0.40219.1
Project("{FAE04EC0-301F-11D3-BF4B-00C04F79EFBC}") = "KMBit", "KMBit\KMBit.csproj", "{0BEA4A9A-EA73-41BF-A065-7FEDC88C4B72}"
EndProject
Project("{FAE04EC0-301F-11D3-BF4B-00C04F79EFBC}") = "KMBit.BL", "KMBit.BL\KMBit.BL.csproj", "{77C42282-41AA-4F62-B9C4-AF5821F809E6}"
EndProject
Project("{FAE04EC0-301F-11D3-BF4B-00C04F79EFBC}") = "KMBit.DAL", "KMBit.DAL\KMBit.DAL.csproj", "{31F94F8D-96BA-4B7F-B92F-DB01F251BA08}"
EndProject
Project("{FAE04EC0-301F-11D3-BF4B-00C04F79EFBC}") = "KMBit.QueueSvr", "KMBit.QueueSvr\KMBit.QueueSvr.csproj", "{1CB1676F-B819-438F-BF52-F6D48F97FF88}"
EndProject
Project("{FAE04EC0-301F-11D3-BF4B-00C04F79EFBC}") = "KMBit.Util", "KMBit.Util\KMBit.Util.csproj", "{5492D2D8-54C7-4F0F-8032-E77BF30AD8F1}"
EndProject
Project("{FAE04EC0-301F-11D3-BF4B-00C04F79EFBC}") = "KMBitAdm", "KMBitAdm\KMBitAdm.csproj", "{03436829-A957-4B31-9107-B5F5BC764A9A}"
EndProject
Global
	GlobalSection(SolutionConfigurationPlatforms) = preSolution
		Debug|Any CPU = Debug|Any CPU
		Release|Any CPU = Release|Any CPU
	EndGlobalSection
	GlobalSection(ProjectConfigurationPlatforms) = postSolution
		{0BEA4A9A-EA73-41BF-A065-7FEDC88C4B72}.Debug|Any CPU.ActiveCfg = Debug|Any CPU
		{0BEA4A9A-EA73-41BF-A065-7FEDC88C4B72}.Debug|Any CPU.Build.0 = Debug|Any CPU
		{0BEA4A9A-EA73-41BF-A065-7FEDC88C4B72}.Release|Any CPU.ActiveCfg = Release|Any CPU
		{0BEA4A9A-EA73-41BF-A065-7FEDC88C4B72}.Release|Any CPU.Build.0 = Release|Any CPU
		{77C42282-41AA-4F62-B9C4-AF5821F809E6}.Debug|Any CPU.ActiveCfg = Debug|Any CPU
		{77C42282-41AA-4F62-B9C4-AF5821F809E6}.Debug|Any CPU.Build.0 = Debug|Any CPU
		{77C42282-41AA-4F62-B9C4-AF5821F809E6}.Release|Any CPU.ActiveCfg = Release|Any CPU
		{77C42282-41AA-4F62-B9C4-AF5821F809E6}.Release|Any CPU.Build.0 = Release|Any CPU
		{31F94F8D-96BA-4B7F-B92F-DB01F251BA08}.Debug|Any CPU.ActiveCfg = Debug|Any CPU
		{31F94F8D-96BA-4B7F-B92F-DB01F251BA08}.Debug|Any CPU.Build.0 = Debug|Any CPU
		{31F94F8D-96BA-4B7F-B92F-DB01F251BA08}.Release|Any CPU.ActiveCfg = Release|Any CPU
		{31F94F8D-96BA-4B7F-B92F-DB01F251BA08}.Release|Any CPU.Build.0 = Release|Any CPU
		{1CB1676F-B819-438F-BF52-F6D48F97FF88}.Debug|Any CPU.ActiveCfg = Debug|Any CPU
		{1CB1676F-B819-438F-BF52-F6D48F97FF88}.Debug|Any CPU.Build.0 = Debug|Any CPU
		{1CB1676F-B819-438F-BF52-F6D48F97FF88}.Release|Any CPU.ActiveCfg = Release|Any CPU
		{1CB1676F-B819-438F-BF52-F6D48F97FF88}.Release|Any CPU.Build.0 = Release|Any CPU
		{5492D2D8-54C7-4F0F-8032-E77BF30AD8F1}.Debug|Any CPU.ActiveCfg = Debug|Any CPU
		{5492D2D8-54C7-4F0F-8032-E77BF30AD8F1}.Debug|Any CPU.Build.0 = Debug|Any CPU
		{5492D2D8-54C7-4F0F-8032-E77BF30AD8F1}.Release|Any CPU.ActiveCfg = Release|Any CPU
		{5492D2D8-54C7-4F0F-8032-E77BF30AD8F1}.Release|Any CPU.Build.0 = Release|Any CPU
		{03436829-A957-4B31-9107-B5F5BC764A9A}.Debug|Any CPU.ActiveCfg = Debug|Any CPU
		{03436829-A957-4B31-9107-B5F5BC764A9A}.Debug|Any CPU.Build.0 = Debug|Any CPU
		{03436829-A957-4B31-9107-B5F5BC764A9A}.Release|Any CPU.ActiveCfg = Release|Any CPU
		{03436829-A957-4B31-9107-B5F5BC764A9A}.Release|Any CPU.Build.0 = Release|Any CPU
	EndGlobalSection
	GlobalSection(SolutionProperties) = preSolution
		HideSolutionNode = FALSE
	EndGlobalSection
EndGlobal
